
Microsoft Visual Studio Solution File, Format Version 12.00
# Visual Studio Version 16
VisualStudioVersion = 16.0.30114.105
MinimumVisualStudioVersion = 10.0.40219.1
Project("{FAE04EC0-301F-11D3-BF4B-00C04F79EFBC}") = "Thesis_Ermolaev_IT1822", "Thesis_Ermolaev_IT1822\Thesis_Ermolaev_IT1822.csproj", "{6E69A28E-B48C-41D6-9CEC-566CB9179B8D}"
EndProject
Global
	GlobalSection(SolutionConfigurationPlatforms) = preSolution
		Debug|Any CPU = Debug|Any CPU
		Release|Any CPU = Release|Any CPU
	EndGlobalSection
	GlobalSection(ProjectConfigurationPlatforms) = postSolution
		{6E69A28E-B48C-41D6-9CEC-566CB9179B8D}.Debug|Any CPU.ActiveCfg = Debug|Any CPU
		{6E69A28E-B48C-41D6-9CEC-566CB9179B8D}.Debug|Any CPU.Build.0 = Debug|Any CPU
		{6E69A28E-B48C-41D6-9CEC-566CB9179B8D}.Release|Any CPU.ActiveCfg = Release|Any CPU
		{6E69A28E-B48C-41D6-9CEC-566CB9179B8D}.Release|Any CPU.Build.0 = Release|Any CPU
	EndGlobalSection
	GlobalSection(SolutionProperties) = preSolution
		HideSolutionNode = FALSE
	EndGlobalSection
	GlobalSection(ExtensibilityGlobals) = postSolution
		SolutionGuid = {110A5C04-397A-4EA7-9E2C-B6CA72B07625}
	EndGlobalSection
EndGlobal
